// !$*UTF8*$!
{
	archiveVersion = 1;
	classes = {
	};
	objectVersion = 77;
	objects = {

/* Begin PBXBuildFile section */
		C561A07D2D7A983D008CCE69 /* RealmSwift in Frameworks */ = {isa = PBXBuildFile; productRef = C561A07C2D7A983D008CCE69 /* RealmSwift */; };
		C56E2CE82D7F31D60096496A /* RealmSwift in Frameworks */ = {isa = PBXBuildFile; productRef = C56E2CE72D7F31D60096496A /* RealmSwift */; };
		C56E2CE92D7F31D60096496A /* RealmSwift in Embed Frameworks */ = {isa = PBXBuildFile; productRef = C56E2CE72D7F31D60096496A /* RealmSwift */; settings = {ATTRIBUTES = (CodeSignOnCopy, ); }; };
		C57C6A672D7CE15A0087F9DE /* RealmSwift in Embed Frameworks */ = {isa = PBXBuildFile; productRef = C561A07C2D7A983D008CCE69 /* RealmSwift */; settings = {ATTRIBUTES = (CodeSignOnCopy, ); }; };
/* End PBXBuildFile section */

/* Begin PBXContainerItemProxy section */
		C55431072D7A4D2800460438 /* PBXContainerItemProxy */ = {
			isa = PBXContainerItemProxy;
			containerPortal = C55430EE2D7A4D2700460438 /* Project object */;
			proxyType = 1;
			remoteGlobalIDString = C55430F52D7A4D2700460438;
			remoteInfo = RandUsers;
		};
		C55431112D7A4D2800460438 /* PBXContainerItemProxy */ = {
			isa = PBXContainerItemProxy;
			containerPortal = C55430EE2D7A4D2700460438 /* Project object */;
			proxyType = 1;
			remoteGlobalIDString = C55430F52D7A4D2700460438;
			remoteInfo = RandUsers;
		};
/* End PBXContainerItemProxy section */

/* Begin PBXCopyFilesBuildPhase section */
		C56E2CEA2D7F31D60096496A /* Embed Frameworks */ = {
			isa = PBXCopyFilesBuildPhase;
			buildActionMask = 2147483647;
			dstPath = "";
			dstSubfolderSpec = 10;
			files = (
				C56E2CE92D7F31D60096496A /* RealmSwift in Embed Frameworks */,
			);
			name = "Embed Frameworks";
			runOnlyForDeploymentPostprocessing = 0;
		};
		C57C6A682D7CE15A0087F9DE /* Embed Frameworks */ = {
			isa = PBXCopyFilesBuildPhase;
			buildActionMask = 2147483647;
			dstPath = "";
			dstSubfolderSpec = 10;
			files = (
				C57C6A672D7CE15A0087F9DE /* RealmSwift in Embed Frameworks */,
			);
			name = "Embed Frameworks";
			runOnlyForDeploymentPostprocessing = 0;
		};
/* End PBXCopyFilesBuildPhase section */

/* Begin PBXFileReference section */
		C55430F62D7A4D2700460438 /* RandUsers.app */ = {isa = PBXFileReference; explicitFileType = wrapper.application; includeInIndex = 0; path = RandUsers.app; sourceTree = BUILT_PRODUCTS_DIR; };
		C55431062D7A4D2800460438 /* RandUsersTests.xctest */ = {isa = PBXFileReference; explicitFileType = wrapper.cfbundle; includeInIndex = 0; path = RandUsersTests.xctest; sourceTree = BUILT_PRODUCTS_DIR; };
		C55431102D7A4D2800460438 /* RandUsersUITests.xctest */ = {isa = PBXFileReference; explicitFileType = wrapper.cfbundle; includeInIndex = 0; path = RandUsersUITests.xctest; sourceTree = BUILT_PRODUCTS_DIR; };
/* End PBXFileReference section */

/* Begin PBXFileSystemSynchronizedRootGroup section */
		C55430F82D7A4D2700460438 /* RandUsers */ = {
			isa = PBXFileSystemSynchronizedRootGroup;
			path = RandUsers;
			sourceTree = "<group>";
		};
		C55431092D7A4D2800460438 /* RandUsersTests */ = {
			isa = PBXFileSystemSynchronizedRootGroup;
			path = RandUsersTests;
			sourceTree = "<group>";
		};
		C55431132D7A4D2800460438 /* RandUsersUITests */ = {
			isa = PBXFileSystemSynchronizedRootGroup;
			path = RandUsersUITests;
			sourceTree = "<group>";
		};
/* End PBXFileSystemSynchronizedRootGroup section */

/* Begin PBXFrameworksBuildPhase section */
		C55430F32D7A4D2700460438 /* Frameworks */ = {
			isa = PBXFrameworksBuildPhase;
			buildActionMask = 2147483647;
			files = (
				C561A07D2D7A983D008CCE69 /* RealmSwift in Frameworks */,
			);
			runOnlyForDeploymentPostprocessing = 0;
		};
		C55431032D7A4D2800460438 /* Frameworks */ = {
			isa = PBXFrameworksBuildPhase;
			buildActionMask = 2147483647;
			files = (
				C56E2CE82D7F31D60096496A /* RealmSwift in Frameworks */,
			);
			runOnlyForDeploymentPostprocessing = 0;
		};
		C554310D2D7A4D2800460438 /* Frameworks */ = {
			isa = PBXFrameworksBuildPhase;
			buildActionMask = 2147483647;
			files = (
			);
			runOnlyForDeploymentPostprocessing = 0;
		};
/* End PBXFrameworksBuildPhase section */

/* Begin PBXGroup section */
		C55430ED2D7A4D2700460438 = {
			isa = PBXGroup;
			children = (
				C55430F82D7A4D2700460438 /* RandUsers */,
				C55431092D7A4D2800460438 /* RandUsersTests */,
				C55431132D7A4D2800460438 /* RandUsersUITests */,
				C56E2CE62D7F31D60096496A /* Frameworks */,
				C55430F72D7A4D2700460438 /* Products */,
			);
			sourceTree = "<group>";
		};
		C55430F72D7A4D2700460438 /* Products */ = {
			isa = PBXGroup;
			children = (
				C55430F62D7A4D2700460438 /* RandUsers.app */,
				C55431062D7A4D2800460438 /* RandUsersTests.xctest */,
				C55431102D7A4D2800460438 /* RandUsersUITests.xctest */,
			);
			name = Products;
			sourceTree = "<group>";
		};
		C56E2CE62D7F31D60096496A /* Frameworks */ = {
			isa = PBXGroup;
			children = (
			);
			name = Frameworks;
			sourceTree = "<group>";
		};
/* End PBXGroup section */

/* Begin PBXNativeTarget section */
		C55430F52D7A4D2700460438 /* RandUsers */ = {
			isa = PBXNativeTarget;
			buildConfigurationList = C554311A2D7A4D2800460438 /* Build configuration list for PBXNativeTarget "RandUsers" */;
			buildPhases = (
				C55430F22D7A4D2700460438 /* Sources */,
				C55430F32D7A4D2700460438 /* Frameworks */,
				C55430F42D7A4D2700460438 /* Resources */,
				C57C6A682D7CE15A0087F9DE /* Embed Frameworks */,
			);
			buildRules = (
			);
			dependencies = (
				C53FFA3A2D7A9100004B2890 /* PBXTargetDependency */,
			);
			fileSystemSynchronizedGroups = (
				C55430F82D7A4D2700460438 /* RandUsers */,
			);
			name = RandUsers;
			packageProductDependencies = (
				C561A07C2D7A983D008CCE69 /* RealmSwift */,
			);
			productName = RandUsers;
			productReference = C55430F62D7A4D2700460438 /* RandUsers.app */;
			productType = "com.apple.product-type.application";
		};
		C55431052D7A4D2800460438 /* RandUsersTests */ = {
			isa = PBXNativeTarget;
			buildConfigurationList = C554311D2D7A4D2800460438 /* Build configuration list for PBXNativeTarget "RandUsersTests" */;
			buildPhases = (
				C55431022D7A4D2800460438 /* Sources */,
				C55431032D7A4D2800460438 /* Frameworks */,
				C55431042D7A4D2800460438 /* Resources */,
				C56E2CEA2D7F31D60096496A /* Embed Frameworks */,
			);
			buildRules = (
			);
			dependencies = (
				C55431082D7A4D2800460438 /* PBXTargetDependency */,
			);
			fileSystemSynchronizedGroups = (
				C55431092D7A4D2800460438 /* RandUsersTests */,
			);
			name = RandUsersTests;
			packageProductDependencies = (
				C56E2CE72D7F31D60096496A /* RealmSwift */,
			);
			productName = RandUsersTests;
			productReference = C55431062D7A4D2800460438 /* RandUsersTests.xctest */;
			productType = "com.apple.product-type.bundle.unit-test";
		};
		C554310F2D7A4D2800460438 /* RandUsersUITests */ = {
			isa = PBXNativeTarget;
			buildConfigurationList = C55431202D7A4D2800460438 /* Build configuration list for PBXNativeTarget "RandUsersUITests" */;
			buildPhases = (
				C554310C2D7A4D2800460438 /* Sources */,
				C554310D2D7A4D2800460438 /* Frameworks */,
				C554310E2D7A4D2800460438 /* Resources */,
			);
			buildRules = (
			);
			dependencies = (
				C55431122D7A4D2800460438 /* PBXTargetDependency */,
			);
			fileSystemSynchronizedGroups = (
				C55431132D7A4D2800460438 /* RandUsersUITests */,
			);
			name = RandUsersUITests;
			packageProductDependencies = (
			);
			productName = RandUsersUITests;
			productReference = C55431102D7A4D2800460438 /* RandUsersUITests.xctest */;
			productType = "com.apple.product-type.bundle.ui-testing";
		};
/* End PBXNativeTarget section */

/* Begin PBXProject section */
		C55430EE2D7A4D2700460438 /* Project object */ = {
			isa = PBXProject;
			attributes = {
				BuildIndependentTargetsInParallel = 1;
				LastSwiftUpdateCheck = 1620;
				LastUpgradeCheck = 1620;
				TargetAttributes = {
					C55430F52D7A4D2700460438 = {
						CreatedOnToolsVersion = 16.2;
					};
					C55431052D7A4D2800460438 = {
						CreatedOnToolsVersion = 16.2;
						TestTargetID = C55430F52D7A4D2700460438;
					};
					C554310F2D7A4D2800460438 = {
						CreatedOnToolsVersion = 16.2;
						TestTargetID = C55430F52D7A4D2700460438;
					};
				};
			};
			buildConfigurationList = C55430F12D7A4D2700460438 /* Build configuration list for PBXProject "RandUsers" */;
			developmentRegion = en;
			hasScannedForEncodings = 0;
			knownRegions = (
				en,
				Base,
			);
			mainGroup = C55430ED2D7A4D2700460438;
			minimizedProjectReferenceProxies = 1;
			packageReferences = (
				C53FFA382D7A90E1004B2890 /* XCRemoteSwiftPackageReference "SwiftLint" */,
				C561A07B2D7A983D008CCE69 /* XCRemoteSwiftPackageReference "realm-swift" */,
			);
			preferredProjectObjectVersion = 77;
			productRefGroup = C55430F72D7A4D2700460438 /* Products */;
			projectDirPath = "";
			projectRoot = "";
			targets = (
				C55430F52D7A4D2700460438 /* RandUsers */,
				C55431052D7A4D2800460438 /* RandUsersTests */,
				C554310F2D7A4D2800460438 /* RandUsersUITests */,
			);
		};
/* End PBXProject section */

/* Begin PBXResourcesBuildPhase section */
		C55430F42D7A4D2700460438 /* Resources */ = {
			isa = PBXResourcesBuildPhase;
			buildActionMask = 2147483647;
			files = (
			);
			runOnlyForDeploymentPostprocessing = 0;
		};
		C55431042D7A4D2800460438 /* Resources */ = {
			isa = PBXResourcesBuildPhase;
			buildActionMask = 2147483647;
			files = (
			);
			runOnlyForDeploymentPostprocessing = 0;
		};
		C554310E2D7A4D2800460438 /* Resources */ = {
			isa = PBXResourcesBuildPhase;
			buildActionMask = 2147483647;
			files = (
			);
			runOnlyForDeploymentPostprocessing = 0;
		};
/* End PBXResourcesBuildPhase section */

/* Begin PBXSourcesBuildPhase section */
		C55430F22D7A4D2700460438 /* Sources */ = {
			isa = PBXSourcesBuildPhase;
			buildActionMask = 2147483647;
			files = (
			);
			runOnlyForDeploymentPostprocessing = 0;
		};
		C55431022D7A4D2800460438 /* Sources */ = {
			isa = PBXSourcesBuildPhase;
			buildActionMask = 2147483647;
			files = (
			);
			runOnlyForDeploymentPostprocessing = 0;
		};
		C554310C2D7A4D2800460438 /* Sources */ = {
			isa = PBXSourcesBuildPhase;
			buildActionMask = 2147483647;
			files = (
			);
			runOnlyForDeploymentPostprocessing = 0;
		};
/* End PBXSourcesBuildPhase section */

/* Begin PBXTargetDependency section */
		C53FFA3A2D7A9100004B2890 /* PBXTargetDependency */ = {
			isa = PBXTargetDependency;
			productRef = C53FFA392D7A9100004B2890 /* SwiftLintBuildToolPlugin */;
		};
		C55431082D7A4D2800460438 /* PBXTargetDependency */ = {
			isa = PBXTargetDependency;
			target = C55430F52D7A4D2700460438 /* RandUsers */;
			targetProxy = C55431072D7A4D2800460438 /* PBXContainerItemProxy */;
		};
		C55431122D7A4D2800460438 /* PBXTargetDependency */ = {
			isa = PBXTargetDependency;
			target = C55430F52D7A4D2700460438 /* RandUsers */;
			targetProxy = C55431112D7A4D2800460438 /* PBXContainerItemProxy */;
		};
/* End PBXTargetDependency section */

/* Begin XCBuildConfiguration section */
		C55431182D7A4D2800460438 /* Debug */ = {
			isa = XCBuildConfiguration;
			buildSettings = {
				ALWAYS_SEARCH_USER_PATHS = NO;
				ASSETCATALOG_COMPILER_GENERATE_SWIFT_ASSET_SYMBOL_EXTENSIONS = YES;
				CLANG_ANALYZER_NONNULL = YES;
				CLANG_ANALYZER_NUMBER_OBJECT_CONVERSION = YES_AGGRESSIVE;
				CLANG_CXX_LANGUAGE_STANDARD = "gnu++20";
				CLANG_ENABLE_MODULES = YES;
				CLANG_ENABLE_OBJC_ARC = YES;
				CLANG_ENABLE_OBJC_WEAK = YES;
				CLANG_WARN_BLOCK_CAPTURE_AUTORELEASING = YES;
				CLANG_WARN_BOOL_CONVERSION = YES;
				CLANG_WARN_COMMA = YES;
				CLANG_WARN_CONSTANT_CONVERSION = YES;
				CLANG_WARN_DEPRECATED_OBJC_IMPLEMENTATIONS = YES;
				CLANG_WARN_DIRECT_OBJC_ISA_USAGE = YES_ERROR;
				CLANG_WARN_DOCUMENTATION_COMMENTS = YES;
				CLANG_WARN_EMPTY_BODY = YES;
				CLANG_WARN_ENUM_CONVERSION = YES;
				CLANG_WARN_INFINITE_RECURSION = YES;
				CLANG_WARN_INT_CONVERSION = YES;
				CLANG_WARN_NON_LITERAL_NULL_CONVERSION = YES;
				CLANG_WARN_OBJC_IMPLICIT_RETAIN_SELF = YES;
				CLANG_WARN_OBJC_LITERAL_CONVERSION = YES;
				CLANG_WARN_OBJC_ROOT_CLASS = YES_ERROR;
				CLANG_WARN_QUOTED_INCLUDE_IN_FRAMEWORK_HEADER = YES;
				CLANG_WARN_RANGE_LOOP_ANALYSIS = YES;
				CLANG_WARN_STRICT_PROTOTYPES = YES;
				CLANG_WARN_SUSPICIOUS_MOVE = YES;
				CLANG_WARN_UNGUARDED_AVAILABILITY = YES_AGGRESSIVE;
				CLANG_WARN_UNREACHABLE_CODE = YES;
				CLANG_WARN__DUPLICATE_METHOD_MATCH = YES;
				COPY_PHASE_STRIP = NO;
				DEBUG_INFORMATION_FORMAT = dwarf;
				ENABLE_STRICT_OBJC_MSGSEND = YES;
				ENABLE_TESTABILITY = YES;
				ENABLE_USER_SCRIPT_SANDBOXING = YES;
				GCC_C_LANGUAGE_STANDARD = gnu17;
				GCC_DYNAMIC_NO_PIC = NO;
				GCC_NO_COMMON_BLOCKS = YES;
				GCC_OPTIMIZATION_LEVEL = 0;
				GCC_PREPROCESSOR_DEFINITIONS = (
					"DEBUG=1",
					"$(inherited)",
				);
				GCC_WARN_64_TO_32_BIT_CONVERSION = YES;
				GCC_WARN_ABOUT_RETURN_TYPE = YES_ERROR;
				GCC_WARN_UNDECLARED_SELECTOR = YES;
				GCC_WARN_UNINITIALIZED_AUTOS = YES_AGGRESSIVE;
				GCC_WARN_UNUSED_FUNCTION = YES;
				GCC_WARN_UNUSED_VARIABLE = YES;
				IPHONEOS_DEPLOYMENT_TARGET = 18.2;
				LOCALIZATION_PREFERS_STRING_CATALOGS = YES;
				MTL_ENABLE_DEBUG_INFO = INCLUDE_SOURCE;
				MTL_FAST_MATH = YES;
				ONLY_ACTIVE_ARCH = YES;
				SDKROOT = iphoneos;
				SWIFT_ACTIVE_COMPILATION_CONDITIONS = "DEBUG $(inherited)";
				SWIFT_OPTIMIZATION_LEVEL = "-Onone";
			};
			name = Debug;
		};
		C55431192D7A4D2800460438 /* Release */ = {
			isa = XCBuildConfiguration;
			buildSettings = {
				ALWAYS_SEARCH_USER_PATHS = NO;
				ASSETCATALOG_COMPILER_GENERATE_SWIFT_ASSET_SYMBOL_EXTENSIONS = YES;
				CLANG_ANALYZER_NONNULL = YES;
				CLANG_ANALYZER_NUMBER_OBJECT_CONVERSION = YES_AGGRESSIVE;
				CLANG_CXX_LANGUAGE_STANDARD = "gnu++20";
				CLANG_ENABLE_MODULES = YES;
				CLANG_ENABLE_OBJC_ARC = YES;
				CLANG_ENABLE_OBJC_WEAK = YES;
				CLANG_WARN_BLOCK_CAPTURE_AUTORELEASING = YES;
				CLANG_WARN_BOOL_CONVERSION = YES;
				CLANG_WARN_COMMA = YES;
				CLANG_WARN_CONSTANT_CONVERSION = YES;
				CLANG_WARN_DEPRECATED_OBJC_IMPLEMENTATIONS = YES;
				CLANG_WARN_DIRECT_OBJC_ISA_USAGE = YES_ERROR;
				CLANG_WARN_DOCUMENTATION_COMMENTS = YES;
				CLANG_WARN_EMPTY_BODY = YES;
				CLANG_WARN_ENUM_CONVERSION = YES;
				CLANG_WARN_INFINITE_RECURSION = YES;
				CLANG_WARN_INT_CONVERSION = YES;
				CLANG_WARN_NON_LITERAL_NULL_CONVERSION = YES;
				CLANG_WARN_OBJC_IMPLICIT_RETAIN_SELF = YES;
				CLANG_WARN_OBJC_LITERAL_CONVERSION = YES;
				CLANG_WARN_OBJC_ROOT_CLASS = YES_ERROR;
				CLANG_WARN_QUOTED_INCLUDE_IN_FRAMEWORK_HEADER = YES;
				CLANG_WARN_RANGE_LOOP_ANALYSIS = YES;
				CLANG_WARN_STRICT_PROTOTYPES = YES;
				CLANG_WARN_SUSPICIOUS_MOVE = YES;
				CLANG_WARN_UNGUARDED_AVAILABILITY = YES_AGGRESSIVE;
				CLANG_WARN_UNREACHABLE_CODE = YES;
				CLANG_WARN__DUPLICATE_METHOD_MATCH = YES;
				COPY_PHASE_STRIP = NO;
				DEBUG_INFORMATION_FORMAT = "dwarf-with-dsym";
				ENABLE_NS_ASSERTIONS = NO;
				ENABLE_STRICT_OBJC_MSGSEND = YES;
				ENABLE_USER_SCRIPT_SANDBOXING = YES;
				GCC_C_LANGUAGE_STANDARD = gnu17;
				GCC_NO_COMMON_BLOCKS = YES;
				GCC_WARN_64_TO_32_BIT_CONVERSION = YES;
				GCC_WARN_ABOUT_RETURN_TYPE = YES_ERROR;
				GCC_WARN_UNDECLARED_SELECTOR = YES;
				GCC_WARN_UNINITIALIZED_AUTOS = YES_AGGRESSIVE;
				GCC_WARN_UNUSED_FUNCTION = YES;
				GCC_WARN_UNUSED_VARIABLE = YES;
				IPHONEOS_DEPLOYMENT_TARGET = 18.2;
				LOCALIZATION_PREFERS_STRING_CATALOGS = YES;
				MTL_ENABLE_DEBUG_INFO = NO;
				MTL_FAST_MATH = YES;
				SDKROOT = iphoneos;
				SWIFT_COMPILATION_MODE = wholemodule;
				VALIDATE_PRODUCT = YES;
			};
			name = Release;
		};
		C554311B2D7A4D2800460438 /* Debug */ = {
			isa = XCBuildConfiguration;
			buildSettings = {
				ASSETCATALOG_COMPILER_APPICON_NAME = AppIcon;
				ASSETCATALOG_COMPILER_GLOBAL_ACCENT_COLOR_NAME = AccentColor;
				CODE_SIGN_STYLE = Automatic;
				CURRENT_PROJECT_VERSION = 1;
				DEVELOPMENT_ASSET_PATHS = "\"RandUsers/Presentation/Resources/Preview Content\"";
				DEVELOPMENT_TEAM = 99N6QU93JM;
				ENABLE_PREVIEWS = YES;
				GENERATE_INFOPLIST_FILE = YES;
				INFOPLIST_KEY_LSApplicationCategoryType = "public.app-category.entertainment";
				INFOPLIST_KEY_UIApplicationSceneManifest_Generation = YES;
				INFOPLIST_KEY_UIApplicationSupportsIndirectInputEvents = YES;
				INFOPLIST_KEY_UILaunchScreen_Generation = YES;
				INFOPLIST_KEY_UISupportedInterfaceOrientations = UIInterfaceOrientationPortrait;
				IPHONEOS_DEPLOYMENT_TARGET = 16.0;
				LD_RUNPATH_SEARCH_PATHS = (
					"$(inherited)",
					"@executable_path/Frameworks",
				);
				MARKETING_VERSION = 1.0;
				PRODUCT_BUNDLE_IDENTIFIER = guido.RandUsers;
				PRODUCT_NAME = "$(TARGET_NAME)";
				SUPPORTED_PLATFORMS = "iphoneos iphonesimulator";
				SUPPORTS_MACCATALYST = NO;
				SUPPORTS_MAC_DESIGNED_FOR_IPHONE_IPAD = NO;
				SUPPORTS_XR_DESIGNED_FOR_IPHONE_IPAD = NO;
				SWIFT_EMIT_LOC_STRINGS = YES;
				SWIFT_VERSION = 5.0;
				TARGETED_DEVICE_FAMILY = 1;
			};
			name = Debug;
		};
		C554311C2D7A4D2800460438 /* Release */ = {
			isa = XCBuildConfiguration;
			buildSettings = {
				ASSETCATALOG_COMPILER_APPICON_NAME = AppIcon;
				ASSETCATALOG_COMPILER_GLOBAL_ACCENT_COLOR_NAME = AccentColor;
				CODE_SIGN_STYLE = Automatic;
				CURRENT_PROJECT_VERSION = 1;
				DEVELOPMENT_ASSET_PATHS = "\"RandUsers/Presentation/Resources/Preview Content\"";
				DEVELOPMENT_TEAM = 99N6QU93JM;
				ENABLE_PREVIEWS = YES;
				GENERATE_INFOPLIST_FILE = YES;
				INFOPLIST_KEY_LSApplicationCategoryType = "public.app-category.entertainment";
				INFOPLIST_KEY_UIApplicationSceneManifest_Generation = YES;
				INFOPLIST_KEY_UIApplicationSupportsIndirectInputEvents = YES;
				INFOPLIST_KEY_UILaunchScreen_Generation = YES;
				INFOPLIST_KEY_UISupportedInterfaceOrientations = UIInterfaceOrientationPortrait;
				IPHONEOS_DEPLOYMENT_TARGET = 16.0;
				LD_RUNPATH_SEARCH_PATHS = (
					"$(inherited)",
					"@executable_path/Frameworks",
				);
				MARKETING_VERSION = 1.0;
				PRODUCT_BUNDLE_IDENTIFIER = guido.RandUsers;
				PRODUCT_NAME = "$(TARGET_NAME)";
				SUPPORTED_PLATFORMS = "iphoneos iphonesimulator";
				SUPPORTS_MACCATALYST = NO;
				SUPPORTS_MAC_DESIGNED_FOR_IPHONE_IPAD = NO;
				SUPPORTS_XR_DESIGNED_FOR_IPHONE_IPAD = NO;
				SWIFT_EMIT_LOC_STRINGS = YES;
				SWIFT_VERSION = 5.0;
				TARGETED_DEVICE_FAMILY = 1;
			};
			name = Release;
		};
		C554311E2D7A4D2800460438 /* Debug */ = {
			isa = XCBuildConfiguration;
			buildSettings = {
				BUNDLE_LOADER = "$(TEST_HOST)";
				CODE_SIGN_STYLE = Automatic;
				CURRENT_PROJECT_VERSION = 1;
				DEVELOPMENT_TEAM = 99N6QU93JM;
				GENERATE_INFOPLIST_FILE = YES;
				IPHONEOS_DEPLOYMENT_TARGET = 18.2;
				MARKETING_VERSION = 1.0;
				PRODUCT_BUNDLE_IDENTIFIER = guido.RandUsersTests;
				PRODUCT_NAME = "$(TARGET_NAME)";
				SWIFT_EMIT_LOC_STRINGS = NO;
				SWIFT_VERSION = 5.0;
				TARGETED_DEVICE_FAMILY = "1,2";
				TEST_HOST = "$(BUILT_PRODUCTS_DIR)/RandUsers.app/$(BUNDLE_EXECUTABLE_FOLDER_PATH)/RandUsers";
			};
			name = Debug;
		};
		C554311F2D7A4D2800460438 /* Release */ = {
			isa = XCBuildConfiguration;
			buildSettings = {
				BUNDLE_LOADER = "$(TEST_HOST)";
				CODE_SIGN_STYLE = Automatic;
				CURRENT_PROJECT_VERSION = 1;
				DEVELOPMENT_TEAM = 99N6QU93JM;
				GENERATE_INFOPLIST_FILE = YES;
				IPHONEOS_DEPLOYMENT_TARGET = 18.2;
				MARKETING_VERSION = 1.0;
				PRODUCT_BUNDLE_IDENTIFIER = guido.RandUsersTests;
				PRODUCT_NAME = "$(TARGET_NAME)";
				SWIFT_EMIT_LOC_STRINGS = NO;
				SWIFT_VERSION = 5.0;
				TARGETED_DEVICE_FAMILY = "1,2";
				TEST_HOST = "$(BUILT_PRODUCTS_DIR)/RandUsers.app/$(BUNDLE_EXECUTABLE_FOLDER_PATH)/RandUsers";
			};
			name = Release;
		};
		C55431212D7A4D2800460438 /* Debug */ = {
			isa = XCBuildConfiguration;
			buildSettings = {
				CODE_SIGN_STYLE = Automatic;
				CURRENT_PROJECT_VERSION = 1;
				DEVELOPMENT_TEAM = 99N6QU93JM;
				GENERATE_INFOPLIST_FILE = YES;
				MARKETING_VERSION = 1.0;
				PRODUCT_BUNDLE_IDENTIFIER = guido.RandUsersUITests;
				PRODUCT_NAME = "$(TARGET_NAME)";
				SWIFT_EMIT_LOC_STRINGS = NO;
				SWIFT_VERSION = 5.0;
				TARGETED_DEVICE_FAMILY = "1,2";
				TEST_TARGET_NAME = RandUsers;
			};
			name = Debug;
		};
		C55431222D7A4D2800460438 /* Release */ = {
			isa = XCBuildConfiguration;
			buildSettings = {
				CODE_SIGN_STYLE = Automatic;
				CURRENT_PROJECT_VERSION = 1;
				DEVELOPMENT_TEAM = 99N6QU93JM;
				GENERATE_INFOPLIST_FILE = YES;
				MARKETING_VERSION = 1.0;
				PRODUCT_BUNDLE_IDENTIFIER = guido.RandUsersUITests;
				PRODUCT_NAME = "$(TARGET_NAME)";
				SWIFT_EMIT_LOC_STRINGS = NO;
				SWIFT_VERSION = 5.0;
				TARGETED_DEVICE_FAMILY = "1,2";
				TEST_TARGET_NAME = RandUsers;
			};
			name = Release;
		};
/* End XCBuildConfiguration section */

/* Begin XCConfigurationList section */
		C55430F12D7A4D2700460438 /* Build configuration list for PBXProject "RandUsers" */ = {
			isa = XCConfigurationList;
			buildConfigurations = (
				C55431182D7A4D2800460438 /* Debug */,
				C55431192D7A4D2800460438 /* Release */,
			);
			defaultConfigurationIsVisible = 0;
			defaultConfigurationName = Release;
		};
		C554311A2D7A4D2800460438 /* Build configuration list for PBXNativeTarget "RandUsers" */ = {
			isa = XCConfigurationList;
			buildConfigurations = (
				C554311B2D7A4D2800460438 /* Debug */,
				C554311C2D7A4D2800460438 /* Release */,
			);
			defaultConfigurationIsVisible = 0;
			defaultConfigurationName = Release;
		};
		C554311D2D7A4D2800460438 /* Build configuration list for PBXNativeTarget "RandUsersTests" */ = {
			isa = XCConfigurationList;
			buildConfigurations = (
				C554311E2D7A4D2800460438 /* Debug */,
				C554311F2D7A4D2800460438 /* Release */,
			);
			defaultConfigurationIsVisible = 0;
			defaultConfigurationName = Release;
		};
		C55431202D7A4D2800460438 /* Build configuration list for PBXNativeTarget "RandUsersUITests" */ = {
			isa = XCConfigurationList;
			buildConfigurations = (
				C55431212D7A4D2800460438 /* Debug */,
				C55431222D7A4D2800460438 /* Release */,
			);
			defaultConfigurationIsVisible = 0;
			defaultConfigurationName = Release;
		};
/* End XCConfigurationList section */

/* Begin XCRemoteSwiftPackageReference section */
		C53FFA382D7A90E1004B2890 /* XCRemoteSwiftPackageReference "SwiftLint" */ = {
			isa = XCRemoteSwiftPackageReference;
			repositoryURL = "https://github.com/realm/SwiftLint";
			requirement = {
				kind = exactVersion;
				version = 0.58.2;
			};
		};
		C561A07B2D7A983D008CCE69 /* XCRemoteSwiftPackageReference "realm-swift" */ = {
			isa = XCRemoteSwiftPackageReference;
			repositoryURL = "https://github.com/realm/realm-swift.git";
			requirement = {
				kind = upToNextMajorVersion;
				minimumVersion = 20.0.1;
			};
		};
/* End XCRemoteSwiftPackageReference section */

/* Begin XCSwiftPackageProductDependency section */
		C53FFA392D7A9100004B2890 /* SwiftLintBuildToolPlugin */ = {
			isa = XCSwiftPackageProductDependency;
			package = C53FFA382D7A90E1004B2890 /* XCRemoteSwiftPackageReference "SwiftLint" */;
			productName = "plugin:SwiftLintBuildToolPlugin";
		};
		C561A07C2D7A983D008CCE69 /* RealmSwift */ = {
			isa = XCSwiftPackageProductDependency;
			package = C561A07B2D7A983D008CCE69 /* XCRemoteSwiftPackageReference "realm-swift" */;
			productName = RealmSwift;
		};
		C56E2CE72D7F31D60096496A /* RealmSwift */ = {
			isa = XCSwiftPackageProductDependency;
			package = C561A07B2D7A983D008CCE69 /* XCRemoteSwiftPackageReference "realm-swift" */;
			productName = RealmSwift;
		};
/* End XCSwiftPackageProductDependency section */
	};
	rootObject = C55430EE2D7A4D2700460438 /* Project object */;
}
